github.com/tdx/go v0.3.4 h1:sUQualeXnB+pZeAezw4YWFdFoScZty18gaBF6vIIIs0=
github.com/tdx/go v0.3.4/go.mod h1:+484gBjtsvwIg11Z1wZQINKCpZJHsZ3ndnjsipY7LvI=
github.com/tdx/go v0.3.5 h1:aurJmg82T+vom5ZpX87Mxyt04NeiG/x1aIuFAVmPlm8=
github.com/tdx/go v0.3.5/go.mod h1:+484gBjtsvwIg11Z1wZQINKCpZJHsZ3ndnjsipY7LvI=
